
Microsoft Visual Studio Solution File, Format Version 11.00
# Visual Studio 2010
Project("{FAE04EC0-301F-11D3-BF4B-00C04F79EFBC}") = "1.School", "1.School\1.School.csproj", "{F8966CC9-625E-4E68-A058-4525CD6AA6BC}"
EndProject
Project("{FAE04EC0-301F-11D3-BF4B-00C04F79EFBC}") = "2.Human", "Human\2.Human.csproj", "{27F34DE8-30F4-4DBF-9C89-8A76531FD527}"
EndProject
Project("{FAE04EC0-301F-11D3-BF4B-00C04F79EFBC}") = "3.Animals", "Animals\3.Animals.csproj", "{AB7BF065-0120-47BD-A5E1-858C836989C4}"
EndProject
Global
	GlobalSection(SolutionConfigurationPlatforms) = preSolution
		Debug|Any CPU = Debug|Any CPU
		Debug|Mixed Platforms = Debug|Mixed Platforms
		Debug|x86 = Debug|x86
		Release|Any CPU = Release|Any CPU
		Release|Mixed Platforms = Release|Mixed Platforms
		Release|x86 = Release|x86
	EndGlobalSection
	GlobalSection(ProjectConfigurationPlatforms) = postSolution
		{F8966CC9-625E-4E68-A058-4525CD6AA6BC}.Debug|Any CPU.ActiveCfg = Debug|x86
		{F8966CC9-625E-4E68-A058-4525CD6AA6BC}.Debug|Mixed Platforms.ActiveCfg = Debug|x86
		{F8966CC9-625E-4E68-A058-4525CD6AA6BC}.Debug|Mixed Platforms.Build.0 = Debug|x86
		{F8966CC9-625E-4E68-A058-4525CD6AA6BC}.Debug|x86.ActiveCfg = Debug|x86
		{F8966CC9-625E-4E68-A058-4525CD6AA6BC}.Debug|x86.Build.0 = Debug|x86
		{F8966CC9-625E-4E68-A058-4525CD6AA6BC}.Release|Any CPU.ActiveCfg = Release|x86
		{F8966CC9-625E-4E68-A058-4525CD6AA6BC}.Release|Mixed Platforms.ActiveCfg = Release|x86
		{F8966CC9-625E-4E68-A058-4525CD6AA6BC}.Release|Mixed Platforms.Build.0 = Release|x86
		{F8966CC9-625E-4E68-A058-4525CD6AA6BC}.Release|x86.ActiveCfg = Release|x86
		{F8966CC9-625E-4E68-A058-4525CD6AA6BC}.Release|x86.Build.0 = Release|x86
		{27F34DE8-30F4-4DBF-9C89-8A76531FD527}.Debug|Any CPU.ActiveCfg = Debug|x86
		{27F34DE8-30F4-4DBF-9C89-8A76531FD527}.Debug|Mixed Platforms.ActiveCfg = Debug|x86
		{27F34DE8-30F4-4DBF-9C89-8A76531FD527}.Debug|Mixed Platforms.Build.0 = Debug|x86
		{27F34DE8-30F4-4DBF-9C89-8A76531FD527}.Debug|x86.ActiveCfg = Debug|x86
		{27F34DE8-30F4-4DBF-9C89-8A76531FD527}.Debug|x86.Build.0 = Debug|x86
		{27F34DE8-30F4-4DBF-9C89-8A76531FD527}.Release|Any CPU.ActiveCfg = Release|x86
		{27F34DE8-30F4-4DBF-9C89-8A76531FD527}.Release|Mixed Platforms.ActiveCfg = Release|x86
		{27F34DE8-30F4-4DBF-9C89-8A76531FD527}.Release|Mixed Platforms.Build.0 = Release|x86
		{27F34DE8-30F4-4DBF-9C89-8A76531FD527}.Release|x86.ActiveCfg = Release|x86
		{27F34DE8-30F4-4DBF-9C89-8A76531FD527}.Release|x86.Build.0 = Release|x86
		{AB7BF065-0120-47BD-A5E1-858C836989C4}.Debug|Any CPU.ActiveCfg = Debug|x86
		{AB7BF065-0120-47BD-A5E1-858C836989C4}.Debug|Mixed Platforms.ActiveCfg = Debug|x86
		{AB7BF065-0120-47BD-A5E1-858C836989C4}.Debug|Mixed Platforms.Build.0 = Debug|x86
		{AB7BF065-0120-47BD-A5E1-858C836989C4}.Debug|x86.ActiveCfg = Debug|x86
		{AB7BF065-0120-47BD-A5E1-858C836989C4}.Debug|x86.Build.0 = Debug|x86
		{AB7BF065-0120-47BD-A5E1-858C836989C4}.Release|Any CPU.ActiveCfg = Release|x86
		{AB7BF065-0120-47BD-A5E1-858C836989C4}.Release|Mixed Platforms.ActiveCfg = Release|x86
		{AB7BF065-0120-47BD-A5E1-858C836989C4}.Release|Mixed Platforms.Build.0 = Release|x86
		{AB7BF065-0120-47BD-A5E1-858C836989C4}.Release|x86.ActiveCfg = Release|x86
		{AB7BF065-0120-47BD-A5E1-858C836989C4}.Release|x86.Build.0 = Release|x86
	EndGlobalSection
	GlobalSection(SolutionProperties) = preSolution
		HideSolutionNode = FALSE
	EndGlobalSection
EndGlobal
