
Microsoft Visual Studio Solution File, Format Version 11.00
# Visual Studio 2010
Project("{FAE04EC0-301F-11D3-BF4B-00C04F79EFBC}") = "1.ReverseString", "1.ReverseString\1.ReverseString.csproj", "{0891A212-4B0D-4198-A49C-A0A635DC7F0F}"
EndProject
Project("{FAE04EC0-301F-11D3-BF4B-00C04F79EFBC}") = "2.BracketsUsage", "2.BracketsUsage\2.BracketsUsage.csproj", "{AB92F277-D4B5-404A-8FF9-E9F99A52B25B}"
EndProject
Project("{FAE04EC0-301F-11D3-BF4B-00C04F79EFBC}") = "3.SearchInString", "3.SearchInString\3.SearchInString.csproj", "{6761AFA5-469A-4D4D-865F-B434F5E1BFCD}"
EndProject
Project("{FAE04EC0-301F-11D3-BF4B-00C04F79EFBC}") = "4.ChangeText", "4.ChangeText\4.ChangeText.csproj", "{17723DB4-8C3E-443D-B436-07AAD561DEFB}"
EndProject
Project("{FAE04EC0-301F-11D3-BF4B-00C04F79EFBC}") = "5.LessCharacters", "5.LessCharacters\5.LessCharacters.csproj", "{C24E6097-9F94-4B4D-935A-EB7F1B9A9E67}"
EndProject
Project("{FAE04EC0-301F-11D3-BF4B-00C04F79EFBC}") = "6.CipherProgram", "6.CipherProgram\6.CipherProgram.csproj", "{D1177AA0-1CC7-4D76-9E73-6C9B28012C9B}"
EndProject
Project("{FAE04EC0-301F-11D3-BF4B-00C04F79EFBC}") = "7.ExtractSentence", "7.ExtractSentence\7.ExtractSentence.csproj", "{E203EA29-EA0D-423F-93F5-F4AD45EC29E7}"
EndProject
Project("{FAE04EC0-301F-11D3-BF4B-00C04F79EFBC}") = "8.ForbiddenWords", "9.ForbiddenWords\8.ForbiddenWords.csproj", "{6EF121BC-CCA6-411B-AC27-38D58CA7F5EC}"
EndProject
Project("{FAE04EC0-301F-11D3-BF4B-00C04F79EFBC}") = "9.UnicodeCharacters", "9.UnicodeCharacters\9.UnicodeCharacters.csproj", "{9F24FF24-C3D8-4E91-B348-17F75972D2D7}"
EndProject
Project("{FAE04EC0-301F-11D3-BF4B-00C04F79EFBC}") = "10.PrintNumber", "10.PrintNumber\10.PrintNumber.csproj", "{D1B95A1E-6FF8-4185-83FC-9CD5745FE703}"
EndProject
Project("{FAE04EC0-301F-11D3-BF4B-00C04F79EFBC}") = "11.URLPrint", "11.URLPrint\11.URLPrint.csproj", "{AA1367DC-F9CB-4834-A340-9F6CDD770512}"
EndProject
Project("{FAE04EC0-301F-11D3-BF4B-00C04F79EFBC}") = "12.ReverseSentence", "12.ReverseSentence\12.ReverseSentence.csproj", "{13615F4A-39F9-4EEC-9464-1753D4E6AB34}"
EndProject
Project("{FAE04EC0-301F-11D3-BF4B-00C04F79EFBC}") = "13.Dictionary", "13.Dictionary\13.Dictionary.csproj", "{85A92917-DF61-4E7F-BAEA-5309D3F9CAEB}"
EndProject
Project("{FAE04EC0-301F-11D3-BF4B-00C04F79EFBC}") = "14.HTMLText", "14.HTMLText\14.HTMLText.csproj", "{7F41B5C2-A029-483E-95CE-D47F6899D4E8}"
EndProject
Project("{FAE04EC0-301F-11D3-BF4B-00C04F79EFBC}") = "15.Date", "15.Date\15.Date.csproj", "{9568563B-6AD4-469F-8F60-7FA1B77FBAB3}"
EndProject
Project("{FAE04EC0-301F-11D3-BF4B-00C04F79EFBC}") = "16.DateParse", "16.DateParse\16.DateParse.csproj", "{F9E517C7-5C94-4953-A01C-F8FD82BD7119}"
EndProject
Project("{FAE04EC0-301F-11D3-BF4B-00C04F79EFBC}") = "17.EmailText", "17.EmailText\17.EmailText.csproj", "{A7AABAB9-1B1A-43AF-9221-0A098E04238C}"
EndProject
Project("{FAE04EC0-301F-11D3-BF4B-00C04F79EFBC}") = "18.DateCanada", "18.DateCanada\18.DateCanada.csproj", "{195213F0-5ABF-4245-88DF-D52E5EC2EC79}"
EndProject
Project("{FAE04EC0-301F-11D3-BF4B-00C04F79EFBC}") = "19.polidroms", "19.polidroms\19.polidroms.csproj", "{8395582E-DB86-45D9-B02C-397FE6C4DBEC}"
EndProject
Project("{FAE04EC0-301F-11D3-BF4B-00C04F79EFBC}") = "20.Text", "20.Text\20.Text.csproj", "{637FA7D5-51A1-4A85-9B4B-6571003050D4}"
EndProject
Project("{FAE04EC0-301F-11D3-BF4B-00C04F79EFBC}") = "21.DifferentWords", "21.DifferentWords\21.DifferentWords.csproj", "{8BB16447-6FD3-4E81-AACE-EC3EAF303FCE}"
EndProject
Project("{FAE04EC0-301F-11D3-BF4B-00C04F79EFBC}") = "22", "22\22.csproj", "{44F2CC65-C6E9-4E8D-9AD8-89710743F18B}"
EndProject
Project("{FAE04EC0-301F-11D3-BF4B-00C04F79EFBC}") = "23.words", "23.words\23.words.csproj", "{D5047CDF-8C17-4176-87B0-E4015ED9849A}"
EndProject
Project("{FAE04EC0-301F-11D3-BF4B-00C04F79EFBC}") = "24.hml", "24.hml\24.hml.csproj", "{07F13E04-4BFD-4E05-873C-94AACE2A4A66}"
EndProject
Global
	GlobalSection(SolutionConfigurationPlatforms) = preSolution
		Debug|x86 = Debug|x86
		Release|x86 = Release|x86
	EndGlobalSection
	GlobalSection(ProjectConfigurationPlatforms) = postSolution
		{0891A212-4B0D-4198-A49C-A0A635DC7F0F}.Debug|x86.ActiveCfg = Debug|x86
		{0891A212-4B0D-4198-A49C-A0A635DC7F0F}.Debug|x86.Build.0 = Debug|x86
		{0891A212-4B0D-4198-A49C-A0A635DC7F0F}.Release|x86.ActiveCfg = Release|x86
		{0891A212-4B0D-4198-A49C-A0A635DC7F0F}.Release|x86.Build.0 = Release|x86
		{AB92F277-D4B5-404A-8FF9-E9F99A52B25B}.Debug|x86.ActiveCfg = Debug|x86
		{AB92F277-D4B5-404A-8FF9-E9F99A52B25B}.Debug|x86.Build.0 = Debug|x86
		{AB92F277-D4B5-404A-8FF9-E9F99A52B25B}.Release|x86.ActiveCfg = Release|x86
		{AB92F277-D4B5-404A-8FF9-E9F99A52B25B}.Release|x86.Build.0 = Release|x86
		{6761AFA5-469A-4D4D-865F-B434F5E1BFCD}.Debug|x86.ActiveCfg = Debug|x86
		{6761AFA5-469A-4D4D-865F-B434F5E1BFCD}.Debug|x86.Build.0 = Debug|x86
		{6761AFA5-469A-4D4D-865F-B434F5E1BFCD}.Release|x86.ActiveCfg = Release|x86
		{6761AFA5-469A-4D4D-865F-B434F5E1BFCD}.Release|x86.Build.0 = Release|x86
		{17723DB4-8C3E-443D-B436-07AAD561DEFB}.Debug|x86.ActiveCfg = Debug|x86
		{17723DB4-8C3E-443D-B436-07AAD561DEFB}.Debug|x86.Build.0 = Debug|x86
		{17723DB4-8C3E-443D-B436-07AAD561DEFB}.Release|x86.ActiveCfg = Release|x86
		{17723DB4-8C3E-443D-B436-07AAD561DEFB}.Release|x86.Build.0 = Release|x86
		{C24E6097-9F94-4B4D-935A-EB7F1B9A9E67}.Debug|x86.ActiveCfg = Debug|x86
		{C24E6097-9F94-4B4D-935A-EB7F1B9A9E67}.Debug|x86.Build.0 = Debug|x86
		{C24E6097-9F94-4B4D-935A-EB7F1B9A9E67}.Release|x86.ActiveCfg = Release|x86
		{C24E6097-9F94-4B4D-935A-EB7F1B9A9E67}.Release|x86.Build.0 = Release|x86
		{D1177AA0-1CC7-4D76-9E73-6C9B28012C9B}.Debug|x86.ActiveCfg = Debug|x86
		{D1177AA0-1CC7-4D76-9E73-6C9B28012C9B}.Debug|x86.Build.0 = Debug|x86
		{D1177AA0-1CC7-4D76-9E73-6C9B28012C9B}.Release|x86.ActiveCfg = Release|x86
		{D1177AA0-1CC7-4D76-9E73-6C9B28012C9B}.Release|x86.Build.0 = Release|x86
		{E203EA29-EA0D-423F-93F5-F4AD45EC29E7}.Debug|x86.ActiveCfg = Debug|x86
		{E203EA29-EA0D-423F-93F5-F4AD45EC29E7}.Debug|x86.Build.0 = Debug|x86
		{E203EA29-EA0D-423F-93F5-F4AD45EC29E7}.Release|x86.ActiveCfg = Release|x86
		{E203EA29-EA0D-423F-93F5-F4AD45EC29E7}.Release|x86.Build.0 = Release|x86
		{6EF121BC-CCA6-411B-AC27-38D58CA7F5EC}.Debug|x86.ActiveCfg = Debug|x86
		{6EF121BC-CCA6-411B-AC27-38D58CA7F5EC}.Debug|x86.Build.0 = Debug|x86
		{6EF121BC-CCA6-411B-AC27-38D58CA7F5EC}.Release|x86.ActiveCfg = Release|x86
		{6EF121BC-CCA6-411B-AC27-38D58CA7F5EC}.Release|x86.Build.0 = Release|x86
		{9F24FF24-C3D8-4E91-B348-17F75972D2D7}.Debug|x86.ActiveCfg = Debug|x86
		{9F24FF24-C3D8-4E91-B348-17F75972D2D7}.Debug|x86.Build.0 = Debug|x86
		{9F24FF24-C3D8-4E91-B348-17F75972D2D7}.Release|x86.ActiveCfg = Release|x86
		{9F24FF24-C3D8-4E91-B348-17F75972D2D7}.Release|x86.Build.0 = Release|x86
		{D1B95A1E-6FF8-4185-83FC-9CD5745FE703}.Debug|x86.ActiveCfg = Debug|x86
		{D1B95A1E-6FF8-4185-83FC-9CD5745FE703}.Debug|x86.Build.0 = Debug|x86
		{D1B95A1E-6FF8-4185-83FC-9CD5745FE703}.Release|x86.ActiveCfg = Release|x86
		{D1B95A1E-6FF8-4185-83FC-9CD5745FE703}.Release|x86.Build.0 = Release|x86
		{AA1367DC-F9CB-4834-A340-9F6CDD770512}.Debug|x86.ActiveCfg = Debug|x86
		{AA1367DC-F9CB-4834-A340-9F6CDD770512}.Debug|x86.Build.0 = Debug|x86
		{AA1367DC-F9CB-4834-A340-9F6CDD770512}.Release|x86.ActiveCfg = Release|x86
		{AA1367DC-F9CB-4834-A340-9F6CDD770512}.Release|x86.Build.0 = Release|x86
		{13615F4A-39F9-4EEC-9464-1753D4E6AB34}.Debug|x86.ActiveCfg = Debug|x86
		{13615F4A-39F9-4EEC-9464-1753D4E6AB34}.Debug|x86.Build.0 = Debug|x86
		{13615F4A-39F9-4EEC-9464-1753D4E6AB34}.Release|x86.ActiveCfg = Release|x86
		{13615F4A-39F9-4EEC-9464-1753D4E6AB34}.Release|x86.Build.0 = Release|x86
		{85A92917-DF61-4E7F-BAEA-5309D3F9CAEB}.Debug|x86.ActiveCfg = Debug|x86
		{85A92917-DF61-4E7F-BAEA-5309D3F9CAEB}.Debug|x86.Build.0 = Debug|x86
		{85A92917-DF61-4E7F-BAEA-5309D3F9CAEB}.Release|x86.ActiveCfg = Release|x86
		{85A92917-DF61-4E7F-BAEA-5309D3F9CAEB}.Release|x86.Build.0 = Release|x86
		{7F41B5C2-A029-483E-95CE-D47F6899D4E8}.Debug|x86.ActiveCfg = Debug|x86
		{7F41B5C2-A029-483E-95CE-D47F6899D4E8}.Debug|x86.Build.0 = Debug|x86
		{7F41B5C2-A029-483E-95CE-D47F6899D4E8}.Release|x86.ActiveCfg = Release|x86
		{7F41B5C2-A029-483E-95CE-D47F6899D4E8}.Release|x86.Build.0 = Release|x86
		{9568563B-6AD4-469F-8F60-7FA1B77FBAB3}.Debug|x86.ActiveCfg = Debug|x86
		{9568563B-6AD4-469F-8F60-7FA1B77FBAB3}.Debug|x86.Build.0 = Debug|x86
		{9568563B-6AD4-469F-8F60-7FA1B77FBAB3}.Release|x86.ActiveCfg = Release|x86
		{9568563B-6AD4-469F-8F60-7FA1B77FBAB3}.Release|x86.Build.0 = Release|x86
		{F9E517C7-5C94-4953-A01C-F8FD82BD7119}.Debug|x86.ActiveCfg = Debug|x86
		{F9E517C7-5C94-4953-A01C-F8FD82BD7119}.Debug|x86.Build.0 = Debug|x86
		{F9E517C7-5C94-4953-A01C-F8FD82BD7119}.Release|x86.ActiveCfg = Release|x86
		{F9E517C7-5C94-4953-A01C-F8FD82BD7119}.Release|x86.Build.0 = Release|x86
		{A7AABAB9-1B1A-43AF-9221-0A098E04238C}.Debug|x86.ActiveCfg = Debug|x86
		{A7AABAB9-1B1A-43AF-9221-0A098E04238C}.Debug|x86.Build.0 = Debug|x86
		{A7AABAB9-1B1A-43AF-9221-0A098E04238C}.Release|x86.ActiveCfg = Release|x86
		{A7AABAB9-1B1A-43AF-9221-0A098E04238C}.Release|x86.Build.0 = Release|x86
		{195213F0-5ABF-4245-88DF-D52E5EC2EC79}.Debug|x86.ActiveCfg = Debug|x86
		{195213F0-5ABF-4245-88DF-D52E5EC2EC79}.Debug|x86.Build.0 = Debug|x86
		{195213F0-5ABF-4245-88DF-D52E5EC2EC79}.Release|x86.ActiveCfg = Release|x86
		{195213F0-5ABF-4245-88DF-D52E5EC2EC79}.Release|x86.Build.0 = Release|x86
		{8395582E-DB86-45D9-B02C-397FE6C4DBEC}.Debug|x86.ActiveCfg = Debug|x86
		{8395582E-DB86-45D9-B02C-397FE6C4DBEC}.Debug|x86.Build.0 = Debug|x86
		{8395582E-DB86-45D9-B02C-397FE6C4DBEC}.Release|x86.ActiveCfg = Release|x86
		{8395582E-DB86-45D9-B02C-397FE6C4DBEC}.Release|x86.Build.0 = Release|x86
		{637FA7D5-51A1-4A85-9B4B-6571003050D4}.Debug|x86.ActiveCfg = Debug|x86
		{637FA7D5-51A1-4A85-9B4B-6571003050D4}.Debug|x86.Build.0 = Debug|x86
		{637FA7D5-51A1-4A85-9B4B-6571003050D4}.Release|x86.ActiveCfg = Release|x86
		{637FA7D5-51A1-4A85-9B4B-6571003050D4}.Release|x86.Build.0 = Release|x86
		{8BB16447-6FD3-4E81-AACE-EC3EAF303FCE}.Debug|x86.ActiveCfg = Debug|x86
		{8BB16447-6FD3-4E81-AACE-EC3EAF303FCE}.Debug|x86.Build.0 = Debug|x86
		{8BB16447-6FD3-4E81-AACE-EC3EAF303FCE}.Release|x86.ActiveCfg = Release|x86
		{8BB16447-6FD3-4E81-AACE-EC3EAF303FCE}.Release|x86.Build.0 = Release|x86
		{44F2CC65-C6E9-4E8D-9AD8-89710743F18B}.Debug|x86.ActiveCfg = Debug|x86
		{44F2CC65-C6E9-4E8D-9AD8-89710743F18B}.Debug|x86.Build.0 = Debug|x86
		{44F2CC65-C6E9-4E8D-9AD8-89710743F18B}.Release|x86.ActiveCfg = Release|x86
		{44F2CC65-C6E9-4E8D-9AD8-89710743F18B}.Release|x86.Build.0 = Release|x86
		{D5047CDF-8C17-4176-87B0-E4015ED9849A}.Debug|x86.ActiveCfg = Debug|x86
		{D5047CDF-8C17-4176-87B0-E4015ED9849A}.Debug|x86.Build.0 = Debug|x86
		{D5047CDF-8C17-4176-87B0-E4015ED9849A}.Release|x86.ActiveCfg = Release|x86
		{D5047CDF-8C17-4176-87B0-E4015ED9849A}.Release|x86.Build.0 = Release|x86
		{07F13E04-4BFD-4E05-873C-94AACE2A4A66}.Debug|x86.ActiveCfg = Debug|x86
		{07F13E04-4BFD-4E05-873C-94AACE2A4A66}.Debug|x86.Build.0 = Debug|x86
		{07F13E04-4BFD-4E05-873C-94AACE2A4A66}.Release|x86.ActiveCfg = Release|x86
		{07F13E04-4BFD-4E05-873C-94AACE2A4A66}.Release|x86.Build.0 = Release|x86
	EndGlobalSection
	GlobalSection(SolutionProperties) = preSolution
		HideSolutionNode = FALSE
	EndGlobalSection
EndGlobal
